# THIS IS AN AUTOGENERATED FILE. DO NOT EDIT THIS FILE DIRECTLY.
# yarn lockfile v1


now@^15.1.0:
  version "15.1.0"
  resolved "https://registry.yarnpkg.com/now/-/now-15.1.0.tgz#c426ff154bab9541e0b1a002e0a2a1d37ede07fb"
  integrity sha512-j43YCZvBR2upKjaC7l+po970BMxYK+PuxLlrb9kJ2/YkQ0OtkIgXrkpCmRBOj/h356X7Jfuw2DX45gHfc1rx2w==
